
Microsoft Visual Studio Solution File, Format Version 12.00
# Visual Studio 14
VisualStudioVersion = 14.0.25420.1
MinimumVisualStudioVersion = 10.0.40219.1
Project("{2150E333-8FDC-42A3-9474-1A3956D46DE8}") = "src", "src", "{2A2257E8-D278-402A-9938-8035ED3C05F3}"
EndProject
Project("{2150E333-8FDC-42A3-9474-1A3956D46DE8}") = "Solution Items", "Solution Items", "{78664650-7955-47DC-8BDB-116370989A41}"
	ProjectSection(SolutionItems) = preProject
		global.json = global.json
	EndProjectSection
EndProject
Project("{8BB2217D-0F2D-49D1-97BC-3654ED321F3B}") = "CommonAlgorithms", "src\CommonAlgorithms\CommonAlgorithms.xproj", "{7B63530F-99C5-4228-9D49-1D325566813B}"
EndProject
Project("{2150E333-8FDC-42A3-9474-1A3956D46DE8}") = "test", "test", "{4166D02F-6263-415F-BB38-9FEFBB924E50}"
EndProject
Project("{8BB2217D-0F2D-49D1-97BC-3654ED321F3B}") = "CommonAlgorithms.Tests", "test\CommonAlgorithms.Tests\CommonAlgorithms.Tests.xproj", "{EA679D51-14CE-4091-8707-25D2F2DA76D0}"
EndProject
Global
	GlobalSection(SolutionConfigurationPlatforms) = preSolution
		Debug|Any CPU = Debug|Any CPU
		Release|Any CPU = Release|Any CPU
	EndGlobalSection
	GlobalSection(ProjectConfigurationPlatforms) = postSolution
		{7B63530F-99C5-4228-9D49-1D325566813B}.Debug|Any CPU.ActiveCfg = Debug|Any CPU
		{7B63530F-99C5-4228-9D49-1D325566813B}.Debug|Any CPU.Build.0 = Debug|Any CPU
		{7B63530F-99C5-4228-9D49-1D325566813B}.Release|Any CPU.ActiveCfg = Release|Any CPU
		{7B63530F-99C5-4228-9D49-1D325566813B}.Release|Any CPU.Build.0 = Release|Any CPU
		{EA679D51-14CE-4091-8707-25D2F2DA76D0}.Debug|Any CPU.ActiveCfg = Debug|Any CPU
		{EA679D51-14CE-4091-8707-25D2F2DA76D0}.Debug|Any CPU.Build.0 = Debug|Any CPU
		{EA679D51-14CE-4091-8707-25D2F2DA76D0}.Release|Any CPU.ActiveCfg = Release|Any CPU
		{EA679D51-14CE-4091-8707-25D2F2DA76D0}.Release|Any CPU.Build.0 = Release|Any CPU
	EndGlobalSection
	GlobalSection(SolutionProperties) = preSolution
		HideSolutionNode = FALSE
	EndGlobalSection
	GlobalSection(NestedProjects) = preSolution
		{7B63530F-99C5-4228-9D49-1D325566813B} = {2A2257E8-D278-402A-9938-8035ED3C05F3}
		{EA679D51-14CE-4091-8707-25D2F2DA76D0} = {4166D02F-6263-415F-BB38-9FEFBB924E50}
	EndGlobalSection
EndGlobal
